
Microsoft Visual Studio Solution File, Format Version 12.00
# Visual Studio Version 16
VisualStudioVersion = 16.0.30114.105
MinimumVisualStudioVersion = 10.0.40219.1
Project("{FAE04EC0-301F-11D3-BF4B-00C04F79EFBC}") = "mimc-csharp-sdk", "mimc-csharp-sdk.csproj", "{ED8C80A6-04BA-43F4-BAAD-DB2D949F3E50}"
EndProject
Project("{FAE04EC0-301F-11D3-BF4B-00C04F79EFBC}") = "demo", "..\demo\demo.csproj", "{FDA7974D-8770-44F7-ABF7-E1E96D21D9D5}"
EndProject
Global
	GlobalSection(SolutionConfigurationPlatforms) = preSolution
		Debug|Any CPU = Debug|Any CPU
		Debug|x64 = Debug|x64
		Debug|x86 = Debug|x86
		Release|Any CPU = Release|Any CPU
		Release|x64 = Release|x64
		Release|x86 = Release|x86
	EndGlobalSection
	GlobalSection(ProjectConfigurationPlatforms) = postSolution
		{ED8C80A6-04BA-43F4-BAAD-DB2D949F3E50}.Debug|Any CPU.ActiveCfg = Debug|Any CPU
		{ED8C80A6-04BA-43F4-BAAD-DB2D949F3E50}.Debug|Any CPU.Build.0 = Debug|Any CPU
		{ED8C80A6-04BA-43F4-BAAD-DB2D949F3E50}.Debug|x64.ActiveCfg = Debug|Any CPU
		{ED8C80A6-04BA-43F4-BAAD-DB2D949F3E50}.Debug|x64.Build.0 = Debug|Any CPU
		{ED8C80A6-04BA-43F4-BAAD-DB2D949F3E50}.Debug|x86.ActiveCfg = Debug|Any CPU
		{ED8C80A6-04BA-43F4-BAAD-DB2D949F3E50}.Debug|x86.Build.0 = Debug|Any CPU
		{ED8C80A6-04BA-43F4-BAAD-DB2D949F3E50}.Release|Any CPU.ActiveCfg = Release|Any CPU
		{ED8C80A6-04BA-43F4-BAAD-DB2D949F3E50}.Release|Any CPU.Build.0 = Release|Any CPU
		{ED8C80A6-04BA-43F4-BAAD-DB2D949F3E50}.Release|x64.ActiveCfg = Release|Any CPU
		{ED8C80A6-04BA-43F4-BAAD-DB2D949F3E50}.Release|x64.Build.0 = Release|Any CPU
		{ED8C80A6-04BA-43F4-BAAD-DB2D949F3E50}.Release|x86.ActiveCfg = Release|Any CPU
		{ED8C80A6-04BA-43F4-BAAD-DB2D949F3E50}.Release|x86.Build.0 = Release|Any CPU
		{FDA7974D-8770-44F7-ABF7-E1E96D21D9D5}.Debug|Any CPU.ActiveCfg = Debug|Any CPU
		{FDA7974D-8770-44F7-ABF7-E1E96D21D9D5}.Debug|Any CPU.Build.0 = Debug|Any CPU
		{FDA7974D-8770-44F7-ABF7-E1E96D21D9D5}.Debug|x64.ActiveCfg = Debug|x64
		{FDA7974D-8770-44F7-ABF7-E1E96D21D9D5}.Debug|x64.Build.0 = Debug|x64
		{FDA7974D-8770-44F7-ABF7-E1E96D21D9D5}.Debug|x86.ActiveCfg = Debug|x86
		{FDA7974D-8770-44F7-ABF7-E1E96D21D9D5}.Debug|x86.Build.0 = Debug|x86
		{FDA7974D-8770-44F7-ABF7-E1E96D21D9D5}.Release|Any CPU.ActiveCfg = Release|Any CPU
		{FDA7974D-8770-44F7-ABF7-E1E96D21D9D5}.Release|Any CPU.Build.0 = Release|Any CPU
		{FDA7974D-8770-44F7-ABF7-E1E96D21D9D5}.Release|x64.ActiveCfg = Release|x64
		{FDA7974D-8770-44F7-ABF7-E1E96D21D9D5}.Release|x64.Build.0 = Release|x64
		{FDA7974D-8770-44F7-ABF7-E1E96D21D9D5}.Release|x86.ActiveCfg = Release|x86
		{FDA7974D-8770-44F7-ABF7-E1E96D21D9D5}.Release|x86.Build.0 = Release|x86
	EndGlobalSection
	GlobalSection(SolutionProperties) = preSolution
		HideSolutionNode = FALSE
	EndGlobalSection
	GlobalSection(ExtensibilityGlobals) = postSolution
		SolutionGuid = {5A0B28E2-54DB-4FC7-A9D3-BA4D17F2E4CB}
	EndGlobalSection
EndGlobal
