
Microsoft Visual Studio Solution File, Format Version 12.00
# Visual Studio 15
VisualStudioVersion = 15.0.27428.2037
MinimumVisualStudioVersion = 10.0.40219.1
Project("{9A19103F-16F7-4668-BE54-9A1E7A4F7556}") = "mimc-csharp-sdk-netstandard", "mimc-csharp-sdk-netstandard.csproj", "{CAF13314-651A-4B4C-936C-3A511649A0F8}"
EndProject
Global
	GlobalSection(SolutionConfigurationPlatforms) = preSolution
		Debug|Any CPU = Debug|Any CPU
		Release|Any CPU = Release|Any CPU
	EndGlobalSection
	GlobalSection(ProjectConfigurationPlatforms) = postSolution
		{CAF13314-651A-4B4C-936C-3A511649A0F8}.Debug|Any CPU.ActiveCfg = Debug|Any CPU
		{CAF13314-651A-4B4C-936C-3A511649A0F8}.Debug|Any CPU.Build.0 = Debug|Any CPU
		{CAF13314-651A-4B4C-936C-3A511649A0F8}.Release|Any CPU.ActiveCfg = Release|Any CPU
		{CAF13314-651A-4B4C-936C-3A511649A0F8}.Release|Any CPU.Build.0 = Release|Any CPU
	EndGlobalSection
	GlobalSection(SolutionProperties) = preSolution
		HideSolutionNode = FALSE
	EndGlobalSection
	GlobalSection(ExtensibilityGlobals) = postSolution
		SolutionGuid = {A5288C75-8B25-49B1-A072-DC669DD69316}
	EndGlobalSection
EndGlobal
