
Microsoft Visual Studio Solution File, Format Version 12.00
# Visual Studio 15
VisualStudioVersion = 15.0.27428.2005
MinimumVisualStudioVersion = 10.0.40219.1
Project("{FAE04EC0-301F-11D3-BF4B-00C04F79EFBC}") = "demo", "demo.csproj", "{FDA7974D-8770-44F7-ABF7-E1E96D21D9D5}"
EndProject
Global
	GlobalSection(SolutionConfigurationPlatforms) = preSolution
		Debug|x64 = Debug|x64
		Debug|x86 = Debug|x86
		Release|x64 = Release|x64
		Release|x86 = Release|x86
	EndGlobalSection
	GlobalSection(ProjectConfigurationPlatforms) = postSolution
		{FDA7974D-8770-44F7-ABF7-E1E96D21D9D5}.Debug|x64.ActiveCfg = Debug|x64
		{FDA7974D-8770-44F7-ABF7-E1E96D21D9D5}.Debug|x64.Build.0 = Debug|x64
		{FDA7974D-8770-44F7-ABF7-E1E96D21D9D5}.Debug|x86.ActiveCfg = Debug|x86
		{FDA7974D-8770-44F7-ABF7-E1E96D21D9D5}.Debug|x86.Build.0 = Debug|x86
		{FDA7974D-8770-44F7-ABF7-E1E96D21D9D5}.Release|x64.ActiveCfg = Release|x64
		{FDA7974D-8770-44F7-ABF7-E1E96D21D9D5}.Release|x64.Build.0 = Release|x64
		{FDA7974D-8770-44F7-ABF7-E1E96D21D9D5}.Release|x86.ActiveCfg = Release|x86
		{FDA7974D-8770-44F7-ABF7-E1E96D21D9D5}.Release|x86.Build.0 = Release|x86
	EndGlobalSection
	GlobalSection(SolutionProperties) = preSolution
		HideSolutionNode = FALSE
	EndGlobalSection
	GlobalSection(ExtensibilityGlobals) = postSolution
		SolutionGuid = {1506642C-EA5B-4764-A3FE-1869D4E2F72B}
	EndGlobalSection
EndGlobal
